{
  "object": {
    "pins": [
      {
        "package": "SDWebImage",
        "repositoryURL": "https://github.com/SDWebImage/SDWebImage",
        "state": {
          "branch": null,
          "revision": "f52dc6b4bd5bf29c7da5f1969b0f42e0392079b0",
          "version": "5.7.1"
        }
      }
    ]
  },
  "version": 1
}
