// !$*UTF8*$!
{
	archiveVersion = 1;
	classes = {
	};
	objectVersion = 50;
	objects = {

/* Begin PBXBuildFile section */
		2B1C4122240FDEB6009E2931 /* AppDelegate.swift in Sources */ = {isa = PBXBuildFile; fileRef = 2B1C4121240FDEB6009E2931 /* AppDelegate.swift */; };
		2B1C4124240FDEB6009E2931 /* SceneDelegate.swift in Sources */ = {isa = PBXBuildFile; fileRef = 2B1C4123240FDEB6009E2931 /* SceneDelegate.swift */; };
		2B1C4126240FDEB6009E2931 /* ViewController.swift in Sources */ = {isa = PBXBuildFile; fileRef = 2B1C4125240FDEB6009E2931 /* ViewController.swift */; };
		2B1C4129240FDEB6009E2931 /* Main.storyboard in Resources */ = {isa = PBXBuildFile; fileRef = 2B1C4127240FDEB6009E2931 /* Main.storyboard */; };
		2B1C412C240FDEB6009E2931 /* Tech_Test_Swift.xcdatamodeld in Sources */ = {isa = PBXBuildFile; fileRef = 2B1C412A240FDEB6009E2931 /* Tech_Test_Swift.xcdatamodeld */; };
		2B1C412E240FDEB8009E2931 /* Assets.xcassets in Resources */ = {isa = PBXBuildFile; fileRef = 2B1C412D240FDEB8009E2931 /* Assets.xcassets */; };
		2B1C4131240FDEB8009E2931 /* LaunchScreen.storyboard in Resources */ = {isa = PBXBuildFile; fileRef = 2B1C412F240FDEB8009E2931 /* LaunchScreen.storyboard */; };
		2B4857612434A8280031B339 /* Models.swift in Sources */ = {isa = PBXBuildFile; fileRef = 2B4857602434A8280031B339 /* Models.swift */; };
		2B4857632434AAB00031B339 /* NetworkRequest.swift in Sources */ = {isa = PBXBuildFile; fileRef = 2B4857622434AAB00031B339 /* NetworkRequest.swift */; };
		2B90EE99243B5B1C00C5B328 /* RoverDecodable+CoreDataClass.swift in Sources */ = {isa = PBXBuildFile; fileRef = 2B90EE93243B5B1C00C5B328 /* RoverDecodable+CoreDataClass.swift */; };
		2B90EE9A243B5B1C00C5B328 /* RoverDecodable+CoreDataProperties.swift in Sources */ = {isa = PBXBuildFile; fileRef = 2B90EE94243B5B1C00C5B328 /* RoverDecodable+CoreDataProperties.swift */; };
		2B90EE9B243B5B1C00C5B328 /* CameraDecodable+CoreDataClass.swift in Sources */ = {isa = PBXBuildFile; fileRef = 2B90EE95243B5B1C00C5B328 /* CameraDecodable+CoreDataClass.swift */; };
		2B90EE9C243B5B1C00C5B328 /* CameraDecodable+CoreDataProperties.swift in Sources */ = {isa = PBXBuildFile; fileRef = 2B90EE96243B5B1C00C5B328 /* CameraDecodable+CoreDataProperties.swift */; };
		2B90EE9D243B5B1C00C5B328 /* PhotoDecodable+CoreDataClass.swift in Sources */ = {isa = PBXBuildFile; fileRef = 2B90EE97243B5B1C00C5B328 /* PhotoDecodable+CoreDataClass.swift */; };
		2B90EE9E243B5B1C00C5B328 /* PhotoDecodable+CoreDataProperties.swift in Sources */ = {isa = PBXBuildFile; fileRef = 2B90EE98243B5B1C00C5B328 /* PhotoDecodable+CoreDataProperties.swift */; };
		2B90EEA0243B626E00C5B328 /* CodingUserInfoKeysExtensions.swift in Sources */ = {isa = PBXBuildFile; fileRef = 2B90EE9F243B626E00C5B328 /* CodingUserInfoKeysExtensions.swift */; };
		2BE0295F241E87E900314F08 /* PhotoTableViewCell.swift in Sources */ = {isa = PBXBuildFile; fileRef = 2BE0295E241E87E900314F08 /* PhotoTableViewCell.swift */; };
		2BE02963241E985500314F08 /* ImageViewExtensions.swift in Sources */ = {isa = PBXBuildFile; fileRef = 2BE02962241E985500314F08 /* ImageViewExtensions.swift */; };
/* End PBXBuildFile section */

/* Begin PBXFileReference section */
		2B1C411E240FDEB6009E2931 /* Tech_Test_Swift.app */ = {isa = PBXFileReference; explicitFileType = wrapper.application; includeInIndex = 0; path = Tech_Test_Swift.app; sourceTree = BUILT_PRODUCTS_DIR; };
		2B1C4121240FDEB6009E2931 /* AppDelegate.swift */ = {isa = PBXFileReference; lastKnownFileType = sourcecode.swift; path = AppDelegate.swift; sourceTree = "<group>"; };
		2B1C4123240FDEB6009E2931 /* SceneDelegate.swift */ = {isa = PBXFileReference; lastKnownFileType = sourcecode.swift; path = SceneDelegate.swift; sourceTree = "<group>"; };
		2B1C4125240FDEB6009E2931 /* ViewController.swift */ = {isa = PBXFileReference; lastKnownFileType = sourcecode.swift; path = ViewController.swift; sourceTree = "<group>"; };
		2B1C4128240FDEB6009E2931 /* Base */ = {isa = PBXFileReference; lastKnownFileType = file.storyboard; name = Base; path = Base.lproj/Main.storyboard; sourceTree = "<group>"; };
		2B1C412B240FDEB6009E2931 /* Tech_Test_Swift.xcdatamodel */ = {isa = PBXFileReference; lastKnownFileType = wrapper.xcdatamodel; path = Tech_Test_Swift.xcdatamodel; sourceTree = "<group>"; };
		2B1C412D240FDEB8009E2931 /* Assets.xcassets */ = {isa = PBXFileReference; lastKnownFileType = folder.assetcatalog; path = Assets.xcassets; sourceTree = "<group>"; };
		2B1C4130240FDEB8009E2931 /* Base */ = {isa = PBXFileReference; lastKnownFileType = file.storyboard; name = Base; path = Base.lproj/LaunchScreen.storyboard; sourceTree = "<group>"; };
		2B1C4132240FDEB8009E2931 /* Info.plist */ = {isa = PBXFileReference; lastKnownFileType = text.plist.xml; path = Info.plist; sourceTree = "<group>"; };
		2B4857602434A8280031B339 /* Models.swift */ = {isa = PBXFileReference; lastKnownFileType = sourcecode.swift; path = Models.swift; sourceTree = "<group>"; };
		2B4857622434AAB00031B339 /* NetworkRequest.swift */ = {isa = PBXFileReference; lastKnownFileType = sourcecode.swift; path = NetworkRequest.swift; sourceTree = "<group>"; };
		2B90EE93243B5B1C00C5B328 /* RoverDecodable+CoreDataClass.swift */ = {isa = PBXFileReference; lastKnownFileType = sourcecode.swift; path = "RoverDecodable+CoreDataClass.swift"; sourceTree = "<group>"; };
		2B90EE94243B5B1C00C5B328 /* RoverDecodable+CoreDataProperties.swift */ = {isa = PBXFileReference; lastKnownFileType = sourcecode.swift; path = "RoverDecodable+CoreDataProperties.swift"; sourceTree = "<group>"; };
		2B90EE95243B5B1C00C5B328 /* CameraDecodable+CoreDataClass.swift */ = {isa = PBXFileReference; lastKnownFileType = sourcecode.swift; path = "CameraDecodable+CoreDataClass.swift"; sourceTree = "<group>"; };
		2B90EE96243B5B1C00C5B328 /* CameraDecodable+CoreDataProperties.swift */ = {isa = PBXFileReference; lastKnownFileType = sourcecode.swift; path = "CameraDecodable+CoreDataProperties.swift"; sourceTree = "<group>"; };
		2B90EE97243B5B1C00C5B328 /* PhotoDecodable+CoreDataClass.swift */ = {isa = PBXFileReference; lastKnownFileType = sourcecode.swift; path = "PhotoDecodable+CoreDataClass.swift"; sourceTree = "<group>"; };
		2B90EE98243B5B1C00C5B328 /* PhotoDecodable+CoreDataProperties.swift */ = {isa = PBXFileReference; lastKnownFileType = sourcecode.swift; path = "PhotoDecodable+CoreDataProperties.swift"; sourceTree = "<group>"; };
		2B90EE9F243B626E00C5B328 /* CodingUserInfoKeysExtensions.swift */ = {isa = PBXFileReference; lastKnownFileType = sourcecode.swift; path = CodingUserInfoKeysExtensions.swift; sourceTree = "<group>"; };
		2BE0295E241E87E900314F08 /* PhotoTableViewCell.swift */ = {isa = PBXFileReference; lastKnownFileType = sourcecode.swift; path = PhotoTableViewCell.swift; sourceTree = "<group>"; };
		2BE02962241E985500314F08 /* ImageViewExtensions.swift */ = {isa = PBXFileReference; lastKnownFileType = sourcecode.swift; path = ImageViewExtensions.swift; sourceTree = "<group>"; };
/* End PBXFileReference section */

/* Begin PBXFrameworksBuildPhase section */
		2B1C411B240FDEB6009E2931 /* Frameworks */ = {
			isa = PBXFrameworksBuildPhase;
			buildActionMask = 2147483647;
			files = (
			);
			runOnlyForDeploymentPostprocessing = 0;
		};
/* End PBXFrameworksBuildPhase section */

/* Begin PBXGroup section */
		2B1C4115240FDEB6009E2931 = {
			isa = PBXGroup;
			children = (
				2B90EE93243B5B1C00C5B328 /* RoverDecodable+CoreDataClass.swift */,
				2B90EE94243B5B1C00C5B328 /* RoverDecodable+CoreDataProperties.swift */,
				2B90EE95243B5B1C00C5B328 /* CameraDecodable+CoreDataClass.swift */,
				2B90EE96243B5B1C00C5B328 /* CameraDecodable+CoreDataProperties.swift */,
				2B90EE97243B5B1C00C5B328 /* PhotoDecodable+CoreDataClass.swift */,
				2B90EE98243B5B1C00C5B328 /* PhotoDecodable+CoreDataProperties.swift */,
				2B1C4120240FDEB6009E2931 /* Tech_Test_Swift */,
				2B1C411F240FDEB6009E2931 /* Products */,
			);
			sourceTree = "<group>";
		};
		2B1C411F240FDEB6009E2931 /* Products */ = {
			isa = PBXGroup;
			children = (
				2B1C411E240FDEB6009E2931 /* Tech_Test_Swift.app */,
			);
			name = Products;
			sourceTree = "<group>";
		};
		2B1C4120240FDEB6009E2931 /* Tech_Test_Swift */ = {
			isa = PBXGroup;
			children = (
				2B1C4121240FDEB6009E2931 /* AppDelegate.swift */,
				2B1C4123240FDEB6009E2931 /* SceneDelegate.swift */,
				2B1C4125240FDEB6009E2931 /* ViewController.swift */,
				2B1C4127240FDEB6009E2931 /* Main.storyboard */,
				2B1C412D240FDEB8009E2931 /* Assets.xcassets */,
				2B1C412F240FDEB8009E2931 /* LaunchScreen.storyboard */,
				2B1C4132240FDEB8009E2931 /* Info.plist */,
				2B1C412A240FDEB6009E2931 /* Tech_Test_Swift.xcdatamodeld */,
				2BE0295E241E87E900314F08 /* PhotoTableViewCell.swift */,
				2BE02962241E985500314F08 /* ImageViewExtensions.swift */,
				2B4857602434A8280031B339 /* Models.swift */,
				2B4857622434AAB00031B339 /* NetworkRequest.swift */,
				2B90EE9F243B626E00C5B328 /* CodingUserInfoKeysExtensions.swift */,
			);
			path = Tech_Test_Swift;
			sourceTree = "<group>";
		};
/* End PBXGroup section */

/* Begin PBXNativeTarget section */
		2B1C411D240FDEB6009E2931 /* Tech_Test_Swift */ = {
			isa = PBXNativeTarget;
			buildConfigurationList = 2B1C4135240FDEB8009E2931 /* Build configuration list for PBXNativeTarget "Tech_Test_Swift" */;
			buildPhases = (
				2B1C411A240FDEB6009E2931 /* Sources */,
				2B1C411B240FDEB6009E2931 /* Frameworks */,
				2B1C411C240FDEB6009E2931 /* Resources */,
			);
			buildRules = (
			);
			dependencies = (
			);
			name = Tech_Test_Swift;
			productName = Tech_Test_Swift;
			productReference = 2B1C411E240FDEB6009E2931 /* Tech_Test_Swift.app */;
			productType = "com.apple.product-type.application";
		};
/* End PBXNativeTarget section */

/* Begin PBXProject section */
		2B1C4116240FDEB6009E2931 /* Project object */ = {
			isa = PBXProject;
			attributes = {
				LastSwiftUpdateCheck = 1130;
				LastUpgradeCheck = 1130;
				ORGANIZATIONNAME = "Fiona Wilson";
				TargetAttributes = {
					2B1C411D240FDEB6009E2931 = {
						CreatedOnToolsVersion = 11.3.1;
					};
				};
			};
			buildConfigurationList = 2B1C4119240FDEB6009E2931 /* Build configuration list for PBXProject "Tech_Test_Swift" */;
			compatibilityVersion = "Xcode 9.3";
			developmentRegion = en;
			hasScannedForEncodings = 0;
			knownRegions = (
				en,
				Base,
			);
			mainGroup = 2B1C4115240FDEB6009E2931;
			productRefGroup = 2B1C411F240FDEB6009E2931 /* Products */;
			projectDirPath = "";
			projectRoot = "";
			targets = (
				2B1C411D240FDEB6009E2931 /* Tech_Test_Swift */,
			);
		};
/* End PBXProject section */

/* Begin PBXResourcesBuildPhase section */
		2B1C411C240FDEB6009E2931 /* Resources */ = {
			isa = PBXResourcesBuildPhase;
			buildActionMask = 2147483647;
			files = (
				2B1C4131240FDEB8009E2931 /* LaunchScreen.storyboard in Resources */,
				2B1C412E240FDEB8009E2931 /* Assets.xcassets in Resources */,
				2B1C4129240FDEB6009E2931 /* Main.storyboard in Resources */,
			);
			runOnlyForDeploymentPostprocessing = 0;
		};
/* End PBXResourcesBuildPhase section */

/* Begin PBXSourcesBuildPhase section */
		2B1C411A240FDEB6009E2931 /* Sources */ = {
			isa = PBXSourcesBuildPhase;
			buildActionMask = 2147483647;
			files = (
				2B90EE9A243B5B1C00C5B328 /* RoverDecodable+CoreDataProperties.swift in Sources */,
				2BE0295F241E87E900314F08 /* PhotoTableViewCell.swift in Sources */,
				2B1C4126240FDEB6009E2931 /* ViewController.swift in Sources */,
				2B90EE9D243B5B1C00C5B328 /* PhotoDecodable+CoreDataClass.swift in Sources */,
				2B90EE99243B5B1C00C5B328 /* RoverDecodable+CoreDataClass.swift in Sources */,
				2B1C4122240FDEB6009E2931 /* AppDelegate.swift in Sources */,
				2B90EE9B243B5B1C00C5B328 /* CameraDecodable+CoreDataClass.swift in Sources */,
				2B90EE9C243B5B1C00C5B328 /* CameraDecodable+CoreDataProperties.swift in Sources */,
				2B4857632434AAB00031B339 /* NetworkRequest.swift in Sources */,
				2B90EEA0243B626E00C5B328 /* CodingUserInfoKeysExtensions.swift in Sources */,
				2B1C4124240FDEB6009E2931 /* SceneDelegate.swift in Sources */,
				2B1C412C240FDEB6009E2931 /* Tech_Test_Swift.xcdatamodeld in Sources */,
				2B4857612434A8280031B339 /* Models.swift in Sources */,
				2B90EE9E243B5B1C00C5B328 /* PhotoDecodable+CoreDataProperties.swift in Sources */,
				2BE02963241E985500314F08 /* ImageViewExtensions.swift in Sources */,
			);
			runOnlyForDeploymentPostprocessing = 0;
		};
/* End PBXSourcesBuildPhase section */

/* Begin PBXVariantGroup section */
		2B1C4127240FDEB6009E2931 /* Main.storyboard */ = {
			isa = PBXVariantGroup;
			children = (
				2B1C4128240FDEB6009E2931 /* Base */,
			);
			name = Main.storyboard;
			sourceTree = "<group>";
		};
		2B1C412F240FDEB8009E2931 /* LaunchScreen.storyboard */ = {
			isa = PBXVariantGroup;
			children = (
				2B1C4130240FDEB8009E2931 /* Base */,
			);
			name = LaunchScreen.storyboard;
			sourceTree = "<group>";
		};
/* End PBXVariantGroup section */

/* Begin XCBuildConfiguration section */
		2B1C4133240FDEB8009E2931 /* Debug */ = {
			isa = XCBuildConfiguration;
			buildSettings = {
				ALWAYS_SEARCH_USER_PATHS = NO;
				CLANG_ANALYZER_NONNULL = YES;
				CLANG_ANALYZER_NUMBER_OBJECT_CONVERSION = YES_AGGRESSIVE;
				CLANG_CXX_LANGUAGE_STANDARD = "gnu++14";
				CLANG_CXX_LIBRARY = "libc++";
				CLANG_ENABLE_MODULES = YES;
				CLANG_ENABLE_OBJC_ARC = YES;
				CLANG_ENABLE_OBJC_WEAK = YES;
				CLANG_WARN_BLOCK_CAPTURE_AUTORELEASING = YES;
				CLANG_WARN_BOOL_CONVERSION = YES;
				CLANG_WARN_COMMA = YES;
				CLANG_WARN_CONSTANT_CONVERSION = YES;
				CLANG_WARN_DEPRECATED_OBJC_IMPLEMENTATIONS = YES;
				CLANG_WARN_DIRECT_OBJC_ISA_USAGE = YES_ERROR;
				CLANG_WARN_DOCUMENTATION_COMMENTS = YES;
				CLANG_WARN_EMPTY_BODY = YES;
				CLANG_WARN_ENUM_CONVERSION = YES;
				CLANG_WARN_INFINITE_RECURSION = YES;
				CLANG_WARN_INT_CONVERSION = YES;
				CLANG_WARN_NON_LITERAL_NULL_CONVERSION = YES;
				CLANG_WARN_OBJC_IMPLICIT_RETAIN_SELF = YES;
				CLANG_WARN_OBJC_LITERAL_CONVERSION = YES;
				CLANG_WARN_OBJC_ROOT_CLASS = YES_ERROR;
				CLANG_WARN_RANGE_LOOP_ANALYSIS = YES;
				CLANG_WARN_STRICT_PROTOTYPES = YES;
				CLANG_WARN_SUSPICIOUS_MOVE = YES;
				CLANG_WARN_UNGUARDED_AVAILABILITY = YES_AGGRESSIVE;
				CLANG_WARN_UNREACHABLE_CODE = YES;
				CLANG_WARN__DUPLICATE_METHOD_MATCH = YES;
				COPY_PHASE_STRIP = NO;
				DEBUG_INFORMATION_FORMAT = dwarf;
				ENABLE_STRICT_OBJC_MSGSEND = YES;
				ENABLE_TESTABILITY = YES;
				GCC_C_LANGUAGE_STANDARD = gnu11;
				GCC_DYNAMIC_NO_PIC = NO;
				GCC_NO_COMMON_BLOCKS = YES;
				GCC_OPTIMIZATION_LEVEL = 0;
				GCC_PREPROCESSOR_DEFINITIONS = (
					"DEBUG=1",
					"$(inherited)",
				);
				GCC_WARN_64_TO_32_BIT_CONVERSION = YES;
				GCC_WARN_ABOUT_RETURN_TYPE = YES_ERROR;
				GCC_WARN_UNDECLARED_SELECTOR = YES;
				GCC_WARN_UNINITIALIZED_AUTOS = YES_AGGRESSIVE;
				GCC_WARN_UNUSED_FUNCTION = YES;
				GCC_WARN_UNUSED_VARIABLE = YES;
				IPHONEOS_DEPLOYMENT_TARGET = 13.2;
				MTL_ENABLE_DEBUG_INFO = INCLUDE_SOURCE;
				MTL_FAST_MATH = YES;
				ONLY_ACTIVE_ARCH = YES;
				SDKROOT = iphoneos;
				SWIFT_ACTIVE_COMPILATION_CONDITIONS = DEBUG;
				SWIFT_OPTIMIZATION_LEVEL = "-Onone";
			};
			name = Debug;
		};
		2B1C4134240FDEB8009E2931 /* Release */ = {
			isa = XCBuildConfiguration;
			buildSettings = {
				ALWAYS_SEARCH_USER_PATHS = NO;
				CLANG_ANALYZER_NONNULL = YES;
				CLANG_ANALYZER_NUMBER_OBJECT_CONVERSION = YES_AGGRESSIVE;
				CLANG_CXX_LANGUAGE_STANDARD = "gnu++14";
				CLANG_CXX_LIBRARY = "libc++";
				CLANG_ENABLE_MODULES = YES;
				CLANG_ENABLE_OBJC_ARC = YES;
				CLANG_ENABLE_OBJC_WEAK = YES;
				CLANG_WARN_BLOCK_CAPTURE_AUTORELEASING = YES;
				CLANG_WARN_BOOL_CONVERSION = YES;
				CLANG_WARN_COMMA = YES;
				CLANG_WARN_CONSTANT_CONVERSION = YES;
				CLANG_WARN_DEPRECATED_OBJC_IMPLEMENTATIONS = YES;
				CLANG_WARN_DIRECT_OBJC_ISA_USAGE = YES_ERROR;
				CLANG_WARN_DOCUMENTATION_COMMENTS = YES;
				CLANG_WARN_EMPTY_BODY = YES;
				CLANG_WARN_ENUM_CONVERSION = YES;
				CLANG_WARN_INFINITE_RECURSION = YES;
				CLANG_WARN_INT_CONVERSION = YES;
				CLANG_WARN_NON_LITERAL_NULL_CONVERSION = YES;
				CLANG_WARN_OBJC_IMPLICIT_RETAIN_SELF = YES;
				CLANG_WARN_OBJC_LITERAL_CONVERSION = YES;
				CLANG_WARN_OBJC_ROOT_CLASS = YES_ERROR;
				CLANG_WARN_RANGE_LOOP_ANALYSIS = YES;
				CLANG_WARN_STRICT_PROTOTYPES = YES;
				CLANG_WARN_SUSPICIOUS_MOVE = YES;
				CLANG_WARN_UNGUARDED_AVAILABILITY = YES_AGGRESSIVE;
				CLANG_WARN_UNREACHABLE_CODE = YES;
				CLANG_WARN__DUPLICATE_METHOD_MATCH = YES;
				COPY_PHASE_STRIP = NO;
				DEBUG_INFORMATION_FORMAT = "dwarf-with-dsym";
				ENABLE_NS_ASSERTIONS = NO;
				ENABLE_STRICT_OBJC_MSGSEND = YES;
				GCC_C_LANGUAGE_STANDARD = gnu11;
				GCC_NO_COMMON_BLOCKS = YES;
				GCC_WARN_64_TO_32_BIT_CONVERSION = YES;
				GCC_WARN_ABOUT_RETURN_TYPE = YES_ERROR;
				GCC_WARN_UNDECLARED_SELECTOR = YES;
				GCC_WARN_UNINITIALIZED_AUTOS = YES_AGGRESSIVE;
				GCC_WARN_UNUSED_FUNCTION = YES;
				GCC_WARN_UNUSED_VARIABLE = YES;
				IPHONEOS_DEPLOYMENT_TARGET = 13.2;
				MTL_ENABLE_DEBUG_INFO = NO;
				MTL_FAST_MATH = YES;
				SDKROOT = iphoneos;
				SWIFT_COMPILATION_MODE = wholemodule;
				SWIFT_OPTIMIZATION_LEVEL = "-O";
				VALIDATE_PRODUCT = YES;
			};
			name = Release;
		};
		2B1C4136240FDEB8009E2931 /* Debug */ = {
			isa = XCBuildConfiguration;
			buildSettings = {
				ASSETCATALOG_COMPILER_APPICON_NAME = AppIcon;
				CODE_SIGN_STYLE = Automatic;
				DEVELOPMENT_TEAM = CWJT96K455;
				INFOPLIST_FILE = Tech_Test_Swift/Info.plist;
				LD_RUNPATH_SEARCH_PATHS = (
					"$(inherited)",
					"@executable_path/Frameworks",
				);
				PRODUCT_BUNDLE_IDENTIFIER = "fw.Tech-Test-Swift";
				PRODUCT_NAME = "$(TARGET_NAME)";
				SWIFT_VERSION = 5.0;
				TARGETED_DEVICE_FAMILY = "1,2";
			};
			name = Debug;
		};
		2B1C4137240FDEB8009E2931 /* Release */ = {
			isa = XCBuildConfiguration;
			buildSettings = {
				ASSETCATALOG_COMPILER_APPICON_NAME = AppIcon;
				CODE_SIGN_STYLE = Automatic;
				DEVELOPMENT_TEAM = CWJT96K455;
				INFOPLIST_FILE = Tech_Test_Swift/Info.plist;
				LD_RUNPATH_SEARCH_PATHS = (
					"$(inherited)",
					"@executable_path/Frameworks",
				);
				PRODUCT_BUNDLE_IDENTIFIER = "fw.Tech-Test-Swift";
				PRODUCT_NAME = "$(TARGET_NAME)";
				SWIFT_VERSION = 5.0;
				TARGETED_DEVICE_FAMILY = "1,2";
			};
			name = Release;
		};
/* End XCBuildConfiguration section */

/* Begin XCConfigurationList section */
		2B1C4119240FDEB6009E2931 /* Build configuration list for PBXProject "Tech_Test_Swift" */ = {
			isa = XCConfigurationList;
			buildConfigurations = (
				2B1C4133240FDEB8009E2931 /* Debug */,
				2B1C4134240FDEB8009E2931 /* Release */,
			);
			defaultConfigurationIsVisible = 0;
			defaultConfigurationName = Release;
		};
		2B1C4135240FDEB8009E2931 /* Build configuration list for PBXNativeTarget "Tech_Test_Swift" */ = {
			isa = XCConfigurationList;
			buildConfigurations = (
				2B1C4136240FDEB8009E2931 /* Debug */,
				2B1C4137240FDEB8009E2931 /* Release */,
			);
			defaultConfigurationIsVisible = 0;
			defaultConfigurationName = Release;
		};
/* End XCConfigurationList section */

/* Begin XCVersionGroup section */
		2B1C412A240FDEB6009E2931 /* Tech_Test_Swift.xcdatamodeld */ = {
			isa = XCVersionGroup;
			children = (
				2B1C412B240FDEB6009E2931 /* Tech_Test_Swift.xcdatamodel */,
			);
			currentVersion = 2B1C412B240FDEB6009E2931 /* Tech_Test_Swift.xcdatamodel */;
			path = Tech_Test_Swift.xcdatamodeld;
			sourceTree = "<group>";
			versionGroupType = wrapper.xcdatamodel;
		};
/* End XCVersionGroup section */
	};
	rootObject = 2B1C4116240FDEB6009E2931 /* Project object */;
}
